github.com/ideal-rucksack/datasource-golang-plugin v0.0.0-20240419064419-bf44657cdadb h1:ZTTOLjw0YJ4AEZNmWVyQKh3HZJNHRy2Z36DpgZbTytY=
github.com/ideal-rucksack/datasource-golang-plugin v0.0.0-20240419064419-bf44657cdadb/go.mod h1:jooXiKZWk/dp1IfDhy6y+TLIUr7FtMWSG/VUDGPv9tM=
github.com/ideal-rucksack/datasource-golang-plugin v0.0.0-20240419072111-7c5f3084e6e6 h1:ivDjxg0QFwrWjBjjNOmlyr/jAixjt6rn30/pcCTjtr0=
github.com/ideal-rucksack/datasource-golang-plugin v0.0.0-20240419072111-7c5f3084e6e6/go.mod h1:jooXiKZWk/dp1IfDhy6y+TLIUr7FtMWSG/VUDGPv9tM=
github.com/ideal-rucksack/datasource-golang-plugin v0.0.0-20240419072255-9e1fb122d182 h1:o6PcVKFx5X9ExMym9A3XcRf68XttHaRk/Y/4eucAQIE=
github.com/ideal-rucksack/datasource-golang-plugin v0.0.0-20240419072255-9e1fb122d182/go.mod h1:jooXiKZWk/dp1IfDhy6y+TLIUr7FtMWSG/VUDGPv9tM=
github.com/ideal-rucksack/datasource-golang-plugin v0.0.0-20240419073604-9262f89a5cd1 h1:hYQktduAQldQV9soGs/gMepuk+RhTZOPYaZxqkluk4Y=
github.com/ideal-rucksack/datasource-golang-plugin v0.0.0-20240419073604-9262f89a5cd1/go.mod h1:jooXiKZWk/dp1IfDhy6y+TLIUr7FtMWSG/VUDGPv9tM=
github.com/ideal-rucksack/datasource-golang-plugin v0.0.0-20240419075430-51a323297f82 h1:IFDaVcjs84dmH9gyXsSmu1mCS34YlAB+NAfeH9yz6xM=
github.com/ideal-rucksack/datasource-golang-plugin v0.0.0-20240419075430-51a323297f82/go.mod h1:jooXiKZWk/dp1IfDhy6y+TLIUr7FtMWSG/VUDGPv9tM=
github.com/ideal-rucksack/datasource-golang-plugin v0.0.0-20240419075629-45860dd5e277 h1:IheH8BW/ZGEEAKspEJatL9NNH4Ix0mLc5Xa+K60OFrI=
github.com/ideal-rucksack/datasource-golang-plugin v0.0.0-20240419075629-45860dd5e277/go.mod h1:jooXiKZWk/dp1IfDhy6y+TLIUr7FtMWSG/VUDGPv9tM=
github.com/ideal-rucksack/datasource-golang-plugin v0.0.0-20240422021002-70aaab732093 h1:eIspFQ/vtPrZF5vJEfo4zryeBxamVr0SnrTv3xVYKlo=
github.com/ideal-rucksack/datasource-golang-plugin v0.0.0-20240422021002-70aaab732093/go.mod h1:jooXiKZWk/dp1IfDhy6y+TLIUr7FtMWSG/VUDGPv9tM=
github.com/ideal-rucksack/datasource-golang-plugin v0.0.0-20240422022201-0af7c96fdfcc h1:xD6mNVnDKmpJbbwwjqZkblmcghoP2re4JJJVs/6vJJo=
github.com/ideal-rucksack/datasource-golang-plugin v0.0.0-20240422022201-0af7c96fdfcc/go.mod h1:jooXiKZWk/dp1IfDhy6y+TLIUr7FtMWSG/VUDGPv9tM=
github.com/ideal-rucksack/datasource-golang-plugin v0.0.0-20240422024700-e4afe6ea6807 h1:gA832+vDHed2XuRxNPWQB5DHH6KvAsLuw47XEdC1JJ8=
github.com/ideal-rucksack/datasource-golang-plugin v0.0.0-20240422024700-e4afe6ea6807/go.mod h1:jooXiKZWk/dp1IfDhy6y+TLIUr7FtMWSG/VUDGPv9tM=
github.com/ideal-rucksack/datasource-golang-plugin v0.0.0-20240422031240-650bee35591d h1:ZuVBEyB+54ddoF/e4PaQKwSIguu/Pb5clY8wz9jDPq8=
github.com/ideal-rucksack/datasource-golang-plugin v0.0.0-20240422031240-650bee35591d/go.mod h1:jooXiKZWk/dp1IfDhy6y+TLIUr7FtMWSG/VUDGPv9tM=
github.com/ideal-rucksack/datasource-golang-plugin v0.0.0-20240422033747-5777bb11b03f h1:FG+4TpjSyY/6N3t4UZQBSIk/zTgbXbbXZ38WRiXigPU=
github.com/ideal-rucksack/datasource-golang-plugin v0.0.0-20240422033747-5777bb11b03f/go.mod h1:jooXiKZWk/dp1IfDhy6y+TLIUr7FtMWSG/VUDGPv9tM=
github.com/ideal-rucksack/datasource-golang-plugin v0.0.0-20240422034051-ac33115b6130 h1:vkOfK0CfNlZT4v2dWllVzhVCi4JgFnaBMATPtZZguo8=
github.com/ideal-rucksack/datasource-golang-plugin v0.0.0-20240422034051-ac33115b6130/go.mod h1:jooXiKZWk/dp1IfDhy6y+TLIUr7FtMWSG/VUDGPv9tM=
github.com/ideal-rucksack/datasource-golang-plugin v0.0.0-20240422040939-cf212c8232c8 h1:IgGriFId1xhIunljAGu3uh3QPp5XHyhi05yllXbA+x8=
github.com/ideal-rucksack/datasource-golang-plugin v0.0.0-20240422040939-cf212c8232c8/go.mod h1:jooXiKZWk/dp1IfDhy6y+TLIUr7FtMWSG/VUDGPv9tM=
github.com/ideal-rucksack/datasource-golang-plugin v0.0.0-20240422043634-56ba625873af h1:jAUZVP9dCevEPO4PTfsfXUEJa7GYJ6welc8/vBOtO9k=
github.com/ideal-rucksack/datasource-golang-plugin v0.0.0-20240422043634-56ba625873af/go.mod h1:jooXiKZWk/dp1IfDhy6y+TLIUr7FtMWSG/VUDGPv9tM=
github.com/ideal-rucksack/datasource-golang-plugin v0.0.0-20240422043922-aca72c39a255 h1:Ge0uuZIJBH0AvmaRZVl1SmOTinTM6tP+jTSuq5cALbU=
github.com/ideal-rucksack/datasource-golang-plugin v0.0.0-20240422043922-aca72c39a255/go.mod h1:jooXiKZWk/dp1IfDhy6y+TLIUr7FtMWSG/VUDGPv9tM=
github.com/ideal-rucksack/webhook-golang v0.0.0-20240419103058-1294faea1f60 h1:sq3Lwxdu0/37eHTNiKcL5MMedyk4v1M/pOK+TGsn3WE=
github.com/ideal-rucksack/webhook-golang v0.0.0-20240419103058-1294faea1f60/go.mod h1:zmgOh2ZrtOqhtDXsBAWiG//7Q0rjnQkj4xNp7krF2DI=
